
Microsoft Visual Studio Solution File, Format Version 12.00
# Visual Studio 2013
VisualStudioVersion = 12.0.21005.1
MinimumVisualStudioVersion = 10.0.40219.1
Project("{FAE04EC0-301F-11D3-BF4B-00C04F79EFBC}") = "Assembly-CSharp-vs", "Assembly-CSharp-vs.csproj", "{369D265B-4E67-FD4A-AF73-92166E4AAFC0}"
EndProject
Project("{FAE04EC0-301F-11D3-BF4B-00C04F79EFBC}") = "Common", "MogoSolution\Common\Common.csproj", "{30B9168D-CF08-460A-8DB2-1FBD75977F4B}"
EndProject
Project("{FAE04EC0-301F-11D3-BF4B-00C04F79EFBC}") = "GameData", "MogoSolution\GameData\GameData.csproj", "{40047D06-B9EA-40C0-8184-0350D921490F}"
EndProject
Project("{FAE04EC0-301F-11D3-BF4B-00C04F79EFBC}") = "LoaderLib", "MogoSolution\LoaderLib\LoaderLib.csproj", "{5E6B6C90-2886-4E8B-B84E-023526D0FB76}"
EndProject
Project("{FAE04EC0-301F-11D3-BF4B-00C04F79EFBC}") = "NGUI", "MogoSolution\NGUI\NGUI.csproj", "{D9244CDF-3CAA-4B04-9A2B-4F6C994B28AB}"
EndProject
Project("{FAE04EC0-301F-11D3-BF4B-00C04F79EFBC}") = "Assembly-CSharp-firstpass-vs", "Assembly-CSharp-firstpass-vs.csproj", "{EF20FF85-1761-6B0A-1AA0-C04178E48B7E}"
EndProject
Project("{FAE04EC0-301F-11D3-BF4B-00C04F79EFBC}") = "Assembly-CSharp-Editor-vs", "Assembly-CSharp-Editor-vs.csproj", "{0C3E9E18-69B8-7503-DD41-67A680E7886D}"
EndProject
Global
	GlobalSection(SolutionConfigurationPlatforms) = preSolution
		Debug|Any CPU = Debug|Any CPU
		Release|Any CPU = Release|Any CPU
		UNITY_ANDROID|Any CPU = UNITY_ANDROID|Any CPU
		UNITY_IPHONE|Any CPU = UNITY_IPHONE|Any CPU
		UNITY_STANDALONE_WIN|Any CPU = UNITY_STANDALONE_WIN|Any CPU
		UNITY_WEBPLAYER|Any CPU = UNITY_WEBPLAYER|Any CPU
	EndGlobalSection
	GlobalSection(ProjectConfigurationPlatforms) = postSolution
		{369D265B-4E67-FD4A-AF73-92166E4AAFC0}.Debug|Any CPU.ActiveCfg = Debug|Any CPU
		{369D265B-4E67-FD4A-AF73-92166E4AAFC0}.Debug|Any CPU.Build.0 = Debug|Any CPU
		{369D265B-4E67-FD4A-AF73-92166E4AAFC0}.Release|Any CPU.ActiveCfg = Release|Any CPU
		{369D265B-4E67-FD4A-AF73-92166E4AAFC0}.Release|Any CPU.Build.0 = Release|Any CPU
		{369D265B-4E67-FD4A-AF73-92166E4AAFC0}.UNITY_ANDROID|Any CPU.ActiveCfg = Release|Any CPU
		{369D265B-4E67-FD4A-AF73-92166E4AAFC0}.UNITY_ANDROID|Any CPU.Build.0 = Release|Any CPU
		{369D265B-4E67-FD4A-AF73-92166E4AAFC0}.UNITY_IPHONE|Any CPU.ActiveCfg = Release|Any CPU
		{369D265B-4E67-FD4A-AF73-92166E4AAFC0}.UNITY_IPHONE|Any CPU.Build.0 = Release|Any CPU
		{369D265B-4E67-FD4A-AF73-92166E4AAFC0}.UNITY_STANDALONE_WIN|Any CPU.ActiveCfg = Release|Any CPU
		{369D265B-4E67-FD4A-AF73-92166E4AAFC0}.UNITY_STANDALONE_WIN|Any CPU.Build.0 = Release|Any CPU
		{369D265B-4E67-FD4A-AF73-92166E4AAFC0}.UNITY_WEBPLAYER|Any CPU.ActiveCfg = Release|Any CPU
		{369D265B-4E67-FD4A-AF73-92166E4AAFC0}.UNITY_WEBPLAYER|Any CPU.Build.0 = Release|Any CPU
		{30B9168D-CF08-460A-8DB2-1FBD75977F4B}.Debug|Any CPU.ActiveCfg = Debug|Any CPU
		{30B9168D-CF08-460A-8DB2-1FBD75977F4B}.Debug|Any CPU.Build.0 = Debug|Any CPU
		{30B9168D-CF08-460A-8DB2-1FBD75977F4B}.Release|Any CPU.ActiveCfg = Release|Any CPU
		{30B9168D-CF08-460A-8DB2-1FBD75977F4B}.Release|Any CPU.Build.0 = Release|Any CPU
		{30B9168D-CF08-460A-8DB2-1FBD75977F4B}.UNITY_ANDROID|Any CPU.ActiveCfg = UNITY_ANDROID|Any CPU
		{30B9168D-CF08-460A-8DB2-1FBD75977F4B}.UNITY_ANDROID|Any CPU.Build.0 = UNITY_ANDROID|Any CPU
		{30B9168D-CF08-460A-8DB2-1FBD75977F4B}.UNITY_IPHONE|Any CPU.ActiveCfg = UNITY_IPHONE|Any CPU
		{30B9168D-CF08-460A-8DB2-1FBD75977F4B}.UNITY_IPHONE|Any CPU.Build.0 = UNITY_IPHONE|Any CPU
		{30B9168D-CF08-460A-8DB2-1FBD75977F4B}.UNITY_STANDALONE_WIN|Any CPU.ActiveCfg = UNITY_STANDALONE_WIN|Any CPU
		{30B9168D-CF08-460A-8DB2-1FBD75977F4B}.UNITY_STANDALONE_WIN|Any CPU.Build.0 = UNITY_STANDALONE_WIN|Any CPU
		{30B9168D-CF08-460A-8DB2-1FBD75977F4B}.UNITY_WEBPLAYER|Any CPU.ActiveCfg = UNITY_WEBPLAYER|Any CPU
		{30B9168D-CF08-460A-8DB2-1FBD75977F4B}.UNITY_WEBPLAYER|Any CPU.Build.0 = UNITY_WEBPLAYER|Any CPU
		{40047D06-B9EA-40C0-8184-0350D921490F}.Debug|Any CPU.ActiveCfg = Debug|Any CPU
		{40047D06-B9EA-40C0-8184-0350D921490F}.Debug|Any CPU.Build.0 = Debug|Any CPU
		{40047D06-B9EA-40C0-8184-0350D921490F}.Release|Any CPU.ActiveCfg = Release|Any CPU
		{40047D06-B9EA-40C0-8184-0350D921490F}.Release|Any CPU.Build.0 = Release|Any CPU
		{40047D06-B9EA-40C0-8184-0350D921490F}.UNITY_ANDROID|Any CPU.ActiveCfg = UNITY_ANDROID|Any CPU
		{40047D06-B9EA-40C0-8184-0350D921490F}.UNITY_ANDROID|Any CPU.Build.0 = UNITY_ANDROID|Any CPU
		{40047D06-B9EA-40C0-8184-0350D921490F}.UNITY_IPHONE|Any CPU.ActiveCfg = UNITY_IPHONE|Any CPU
		{40047D06-B9EA-40C0-8184-0350D921490F}.UNITY_IPHONE|Any CPU.Build.0 = UNITY_IPHONE|Any CPU
		{40047D06-B9EA-40C0-8184-0350D921490F}.UNITY_STANDALONE_WIN|Any CPU.ActiveCfg = UNITY_STANDALONE_WIN|Any CPU
		{40047D06-B9EA-40C0-8184-0350D921490F}.UNITY_STANDALONE_WIN|Any CPU.Build.0 = UNITY_STANDALONE_WIN|Any CPU
		{40047D06-B9EA-40C0-8184-0350D921490F}.UNITY_WEBPLAYER|Any CPU.ActiveCfg = UNITY_WEBPLAYER|Any CPU
		{40047D06-B9EA-40C0-8184-0350D921490F}.UNITY_WEBPLAYER|Any CPU.Build.0 = UNITY_WEBPLAYER|Any CPU
		{5E6B6C90-2886-4E8B-B84E-023526D0FB76}.Debug|Any CPU.ActiveCfg = Debug|Any CPU
		{5E6B6C90-2886-4E8B-B84E-023526D0FB76}.Debug|Any CPU.Build.0 = Debug|Any CPU
		{5E6B6C90-2886-4E8B-B84E-023526D0FB76}.Release|Any CPU.ActiveCfg = UNITY_WEBPLAYER|Any CPU
		{5E6B6C90-2886-4E8B-B84E-023526D0FB76}.Release|Any CPU.Build.0 = UNITY_WEBPLAYER|Any CPU
		{5E6B6C90-2886-4E8B-B84E-023526D0FB76}.UNITY_ANDROID|Any CPU.ActiveCfg = UNITY_ANDROID|Any CPU
		{5E6B6C90-2886-4E8B-B84E-023526D0FB76}.UNITY_ANDROID|Any CPU.Build.0 = UNITY_ANDROID|Any CPU
		{5E6B6C90-2886-4E8B-B84E-023526D0FB76}.UNITY_IPHONE|Any CPU.ActiveCfg = UNITY_IPHONE|Any CPU
		{5E6B6C90-2886-4E8B-B84E-023526D0FB76}.UNITY_IPHONE|Any CPU.Build.0 = UNITY_IPHONE|Any CPU
		{5E6B6C90-2886-4E8B-B84E-023526D0FB76}.UNITY_STANDALONE_WIN|Any CPU.ActiveCfg = UNITY_STANDALONE_WIN|Any CPU
		{5E6B6C90-2886-4E8B-B84E-023526D0FB76}.UNITY_STANDALONE_WIN|Any CPU.Build.0 = UNITY_STANDALONE_WIN|Any CPU
		{5E6B6C90-2886-4E8B-B84E-023526D0FB76}.UNITY_WEBPLAYER|Any CPU.ActiveCfg = UNITY_WEBPLAYER|Any CPU
		{5E6B6C90-2886-4E8B-B84E-023526D0FB76}.UNITY_WEBPLAYER|Any CPU.Build.0 = UNITY_WEBPLAYER|Any CPU
		{D9244CDF-3CAA-4B04-9A2B-4F6C994B28AB}.Debug|Any CPU.ActiveCfg = Debug|Any CPU
		{D9244CDF-3CAA-4B04-9A2B-4F6C994B28AB}.Debug|Any CPU.Build.0 = Debug|Any CPU
		{D9244CDF-3CAA-4B04-9A2B-4F6C994B28AB}.Release|Any CPU.ActiveCfg = Release|Any CPU
		{D9244CDF-3CAA-4B04-9A2B-4F6C994B28AB}.Release|Any CPU.Build.0 = Release|Any CPU
		{D9244CDF-3CAA-4B04-9A2B-4F6C994B28AB}.UNITY_ANDROID|Any CPU.ActiveCfg = UNITY_ANDROID|Any CPU
		{D9244CDF-3CAA-4B04-9A2B-4F6C994B28AB}.UNITY_ANDROID|Any CPU.Build.0 = UNITY_ANDROID|Any CPU
		{D9244CDF-3CAA-4B04-9A2B-4F6C994B28AB}.UNITY_IPHONE|Any CPU.ActiveCfg = UNITY_IPHONE|Any CPU
		{D9244CDF-3CAA-4B04-9A2B-4F6C994B28AB}.UNITY_IPHONE|Any CPU.Build.0 = UNITY_IPHONE|Any CPU
		{D9244CDF-3CAA-4B04-9A2B-4F6C994B28AB}.UNITY_STANDALONE_WIN|Any CPU.ActiveCfg = UNITY_STANDALONE_WIN|Any CPU
		{D9244CDF-3CAA-4B04-9A2B-4F6C994B28AB}.UNITY_STANDALONE_WIN|Any CPU.Build.0 = UNITY_STANDALONE_WIN|Any CPU
		{D9244CDF-3CAA-4B04-9A2B-4F6C994B28AB}.UNITY_WEBPLAYER|Any CPU.ActiveCfg = UNITY_WEBPLAYER|Any CPU
		{D9244CDF-3CAA-4B04-9A2B-4F6C994B28AB}.UNITY_WEBPLAYER|Any CPU.Build.0 = UNITY_WEBPLAYER|Any CPU
		{EF20FF85-1761-6B0A-1AA0-C04178E48B7E}.Debug|Any CPU.ActiveCfg = Debug|Any CPU
		{EF20FF85-1761-6B0A-1AA0-C04178E48B7E}.Debug|Any CPU.Build.0 = Debug|Any CPU
		{EF20FF85-1761-6B0A-1AA0-C04178E48B7E}.Release|Any CPU.ActiveCfg = Release|Any CPU
		{EF20FF85-1761-6B0A-1AA0-C04178E48B7E}.Release|Any CPU.Build.0 = Release|Any CPU
		{EF20FF85-1761-6B0A-1AA0-C04178E48B7E}.UNITY_ANDROID|Any CPU.ActiveCfg = Release|Any CPU
		{EF20FF85-1761-6B0A-1AA0-C04178E48B7E}.UNITY_ANDROID|Any CPU.Build.0 = Release|Any CPU
		{EF20FF85-1761-6B0A-1AA0-C04178E48B7E}.UNITY_IPHONE|Any CPU.ActiveCfg = Release|Any CPU
		{EF20FF85-1761-6B0A-1AA0-C04178E48B7E}.UNITY_IPHONE|Any CPU.Build.0 = Release|Any CPU
		{EF20FF85-1761-6B0A-1AA0-C04178E48B7E}.UNITY_STANDALONE_WIN|Any CPU.ActiveCfg = Release|Any CPU
		{EF20FF85-1761-6B0A-1AA0-C04178E48B7E}.UNITY_STANDALONE_WIN|Any CPU.Build.0 = Release|Any CPU
		{EF20FF85-1761-6B0A-1AA0-C04178E48B7E}.UNITY_WEBPLAYER|Any CPU.ActiveCfg = Release|Any CPU
		{EF20FF85-1761-6B0A-1AA0-C04178E48B7E}.UNITY_WEBPLAYER|Any CPU.Build.0 = Release|Any CPU
		{0C3E9E18-69B8-7503-DD41-67A680E7886D}.Debug|Any CPU.ActiveCfg = Debug|Any CPU
		{0C3E9E18-69B8-7503-DD41-67A680E7886D}.Debug|Any CPU.Build.0 = Debug|Any CPU
		{0C3E9E18-69B8-7503-DD41-67A680E7886D}.Release|Any CPU.ActiveCfg = Release|Any CPU
		{0C3E9E18-69B8-7503-DD41-67A680E7886D}.Release|Any CPU.Build.0 = Release|Any CPU
		{0C3E9E18-69B8-7503-DD41-67A680E7886D}.UNITY_ANDROID|Any CPU.ActiveCfg = Release|Any CPU
		{0C3E9E18-69B8-7503-DD41-67A680E7886D}.UNITY_ANDROID|Any CPU.Build.0 = Release|Any CPU
		{0C3E9E18-69B8-7503-DD41-67A680E7886D}.UNITY_IPHONE|Any CPU.ActiveCfg = Release|Any CPU
		{0C3E9E18-69B8-7503-DD41-67A680E7886D}.UNITY_IPHONE|Any CPU.Build.0 = Release|Any CPU
		{0C3E9E18-69B8-7503-DD41-67A680E7886D}.UNITY_STANDALONE_WIN|Any CPU.ActiveCfg = Release|Any CPU
		{0C3E9E18-69B8-7503-DD41-67A680E7886D}.UNITY_STANDALONE_WIN|Any CPU.Build.0 = Release|Any CPU
		{0C3E9E18-69B8-7503-DD41-67A680E7886D}.UNITY_WEBPLAYER|Any CPU.ActiveCfg = Release|Any CPU
		{0C3E9E18-69B8-7503-DD41-67A680E7886D}.UNITY_WEBPLAYER|Any CPU.Build.0 = Release|Any CPU
	EndGlobalSection
	GlobalSection(SolutionProperties) = preSolution
		HideSolutionNode = FALSE
	EndGlobalSection
EndGlobal
